
Microsoft Visual Studio Solution File, Format Version 12.00
# Visual Studio Version 16
VisualStudioVersion = 16.0.29409.12
MinimumVisualStudioVersion = 10.0.40219.1
Project("{FAE04EC0-301F-11D3-BF4B-00C04F79EFBC}") = "8_10_TestingExceptions", "8_10_TestingExceptions\8_10_TestingExceptions.csproj", "{00D587CA-3F6A-47C6-8F47-C7A8F7212764}"
EndProject
Project("{FAE04EC0-301F-11D3-BF4B-00C04F79EFBC}") = "TestNinja.UnitTests", "TestNinja.UnitTests\TestNinja.UnitTests.csproj", "{E7196D6C-6165-497C-BABF-A4C17ABCE867}"
EndProject
Global
	GlobalSection(SolutionConfigurationPlatforms) = preSolution
		Debug|Any CPU = Debug|Any CPU
		Release|Any CPU = Release|Any CPU
	EndGlobalSection
	GlobalSection(ProjectConfigurationPlatforms) = postSolution
		{00D587CA-3F6A-47C6-8F47-C7A8F7212764}.Debug|Any CPU.ActiveCfg = Debug|Any CPU
		{00D587CA-3F6A-47C6-8F47-C7A8F7212764}.Debug|Any CPU.Build.0 = Debug|Any CPU
		{00D587CA-3F6A-47C6-8F47-C7A8F7212764}.Release|Any CPU.ActiveCfg = Release|Any CPU
		{00D587CA-3F6A-47C6-8F47-C7A8F7212764}.Release|Any CPU.Build.0 = Release|Any CPU
		{E7196D6C-6165-497C-BABF-A4C17ABCE867}.Debug|Any CPU.ActiveCfg = Debug|Any CPU
		{E7196D6C-6165-497C-BABF-A4C17ABCE867}.Debug|Any CPU.Build.0 = Debug|Any CPU
		{E7196D6C-6165-497C-BABF-A4C17ABCE867}.Release|Any CPU.ActiveCfg = Release|Any CPU
		{E7196D6C-6165-497C-BABF-A4C17ABCE867}.Release|Any CPU.Build.0 = Release|Any CPU
	EndGlobalSection
	GlobalSection(SolutionProperties) = preSolution
		HideSolutionNode = FALSE
	EndGlobalSection
	GlobalSection(ExtensibilityGlobals) = postSolution
		SolutionGuid = {7CE5C459-E222-4B4D-8C4F-69B6AFFE6196}
	EndGlobalSection
EndGlobal
